
Microsoft Visual Studio Solution File, Format Version 12.00
# Visual Studio 15
VisualStudioVersion = 15.0.26730.12
MinimumVisualStudioVersion = 10.0.40219.1
Project("{FAE04EC0-301F-11D3-BF4B-00C04F79EFBC}") = "VoiceRecognition", "VoiceRecognition\VoiceRecognition.csproj", "{2F44DFC6-A475-4D46-9C0D-7465D340A448}"
EndProject
Global
	GlobalSection(SolutionConfigurationPlatforms) = preSolution
		Debug|Any CPU = Debug|Any CPU
		Release|Any CPU = Release|Any CPU
	EndGlobalSection
	GlobalSection(ProjectConfigurationPlatforms) = postSolution
		{2F44DFC6-A475-4D46-9C0D-7465D340A448}.Debug|Any CPU.ActiveCfg = Debug|Any CPU
		{2F44DFC6-A475-4D46-9C0D-7465D340A448}.Debug|Any CPU.Build.0 = Debug|Any CPU
		{2F44DFC6-A475-4D46-9C0D-7465D340A448}.Release|Any CPU.ActiveCfg = Release|Any CPU
		{2F44DFC6-A475-4D46-9C0D-7465D340A448}.Release|Any CPU.Build.0 = Release|Any CPU
	EndGlobalSection
	GlobalSection(SolutionProperties) = preSolution
		HideSolutionNode = FALSE
	EndGlobalSection
	GlobalSection(ExtensibilityGlobals) = postSolution
		SolutionGuid = {752B5927-8535-4238-9097-C046096D7376}
	EndGlobalSection
EndGlobal
